{
  "name": "tidepool",
  "lockfileVersion": 2,
  "requires": true,
  "packages": {
    "": {
      "dependencies": {
        "squids": "^5.0.0"
      }
    },
    "node_modules/squids": {
      "version": "5.0.0",
      "resolved": "https://registry.npmjs.org/squids/-/squids-5.0.0.tgz",
      "integrity": "sha512-9/E2rLmTtrrusLi5+RVqkSrNO31/5+G6oMVTxdvjFY3nobjf0R/uFXU3QC/QR7Y1+0ZZHmi3i4b4E4tZMmsZZw=="
    }
  },
  "dependencies": {
    "squids": {
      "version": "5.0.0",
      "resolved": "https://registry.npmjs.org/squids/-/squids-5.0.0.tgz",
      "integrity": "sha512-9/E2rLmTtrrusLi5+RVqkSrNO31/5+G6oMVTxdvjFY3nobjf0R/uFXU3QC/QR7Y1+0ZZHmi3i4b4E4tZMmsZZw=="
    }
  }
}
